<?xml version="1.0" encoding="utf-8"?>
<Project ToolsVersion="4.0" xmlns="http://schemas.microsoft.com/developer/msbuild/2003">
  <ItemGroup>
    <Filter Include="Source Files">
      <UniqueIdentifier>{4FC737F1-C7A5-4376-A066-2A32D752A2FF}</UniqueIdentifier>
      <Extensions>cpp;c;cc;cxx;c++;cppm;ixx;def;odl;idl;hpj;bat;asm;asmx</Extensions>
    </Filter>
    <Filter Include="Header Files">
      <UniqueIdentifier>{93995380-89BD-4b04-88EB-625FBE52EBFB}</UniqueIdentifier>
      <Extensions>h;hh;hpp;hxx;h++;hm;inl;inc;ipp;xsd</Extensions>
    </Filter>
    <Filter Include="Resource Files">
      <UniqueIdentifier>{67DA6AB6-F800-4c08-8B7A-83BB121AAD01}</UniqueIdentifier>
      <Extensions>rc;ico;cur;bmp;dlg;rc2;rct;bin;rgs;gif;jpg;jpeg;jpe;resx;tiff;tif;png;wav;mfcribbon-ms</Extensions>
    </Filter>
    <Filter Include="Header Files\Document">
      <UniqueIdentifier>{27a1dd6c-2df8-4fce-bf34-84f7d6a1af82}</UniqueIdentifier>
    </Filter>
    <Filter Include="Source Files\Document">
      <UniqueIdentifier>{c0aeb0b8-e0d9-4fad-9391-a8a09b67f90c}</UniqueIdentifier>
    </Filter>
    <Filter Include="Header Files\Document\Elements">
      <UniqueIdentifier>{d21465c3-bdcd-41a4-bd95-643bd75484c0}</UniqueIdentifier>
    </Filter>
    <Filter Include="Source Files\Document\Elements">
      <UniqueIdentifier>{8c537648-7488-4ee8-8b7b-ef5340dbb301}</UniqueIdentifier>
    </Filter>
    <Filter Include="Header Files\Command">
      <UniqueIdentifier>{82f25186-9471-4c9a-87f2-90fc4e710c98}</UniqueIdentifier>
    </Filter>
    <Filter Include="Source Files\Command">
      <UniqueIdentifier>{f5ea0a61-c512-4774-886c-ee38ac4a1db9}</UniqueIdentifier>
    </Filter>
    <Filter Include="Header Files\ResourceRepository">
      <UniqueIdentifier>{6f3d363b-3599-4916-aae5-ab0b2ea3d3a8}</UniqueIdentifier>
    </Filter>
    <Filter Include="Source Files\ResourceRepository">
      <UniqueIdentifier>{5f9e6760-e600-4d2d-bb53-4c8716122b4f}</UniqueIdentifier>
    </Filter>
    <Filter Include="Header Files\Filesystem">
      <UniqueIdentifier>{fda56d59-9ce1-4f0b-9237-5bca88e52de4}</UniqueIdentifier>
    </Filter>
    <Filter Include="Header Files\CommandHistory">
      <UniqueIdentifier>{62abdcb4-7be3-4bc2-86e6-1ca782289af6}</UniqueIdentifier>
    </Filter>
    <Filter Include="Source Files\CommandHistory">
      <UniqueIdentifier>{15830a0e-90b5-43b5-8914-a2d6d4fa90f2}</UniqueIdentifier>
    </Filter>
  </ItemGroup>
  <ItemGroup>
    <ClCompile Include="Editor.cpp">
      <Filter>Source Files</Filter>
    </ClCompile>
    <ClCompile Include="Document\DocumentItem.cpp">
      <Filter>Source Files\Document</Filter>
    </ClCompile>
    <ClCompile Include="Document\Elements\Image.cpp">
      <Filter>Source Files\Document\Elements</Filter>
    </ClCompile>
    <ClCompile Include="Document\Elements\Paragraph.cpp">
      <Filter>Source Files\Document\Elements</Filter>
    </ClCompile>
    <ClCompile Include="Document\Document.cpp">
      <Filter>Source Files\Document</Filter>
    </ClCompile>
    <ClCompile Include="Command\InsertParagraphCommand.cpp">
      <Filter>Source Files\Command</Filter>
    </ClCompile>
    <ClCompile Include="Command\InsertImageCommand.cpp">
      <Filter>Source Files\Command</Filter>
    </ClCompile>
    <ClCompile Include="ResourceRepository\ResourceRepository.cpp">
      <Filter>Source Files\ResourceRepository</Filter>
    </ClCompile>
    <ClCompile Include="Command\SetTitleCommand.cpp">
      <Filter>Source Files\Command</Filter>
    </ClCompile>
    <ClCompile Include="Command\ReplaceTextCommand.cpp">
      <Filter>Source Files\Command</Filter>
    </ClCompile>
    <ClCompile Include="Command\ResizeImageCommand.cpp">
      <Filter>Source Files\Command</Filter>
    </ClCompile>
    <ClCompile Include="Command\DeleteItemCommand.cpp">
      <Filter>Source Files\Command</Filter>
    </ClCompile>
    <ClCompile Include="CommandHistory\CommandHistory.cpp">
      <Filter>Source Files\CommandHistory</Filter>
    </ClCompile>
  </ItemGroup>
  <ItemGroup>
    <ClInclude Include="Document\IDocument.h">
      <Filter>Header Files\Document</Filter>
    </ClInclude>
    <ClInclude Include="Document\DocumentItem.h">
      <Filter>Header Files\Document</Filter>
    </ClInclude>
    <ClInclude Include="Document\Elements\IImage.h">
      <Filter>Header Files\Document\Elements</Filter>
    </ClInclude>
    <ClInclude Include="Document\Elements\IParagraph.h">
      <Filter>Header Files\Document\Elements</Filter>
    </ClInclude>
    <ClInclude Include="Document\Elements\Image.h">
      <Filter>Header Files\Document\Elements</Filter>
    </ClInclude>
    <ClInclude Include="Document\Elements\Paragraph.h">
      <Filter>Header Files\Document\Elements</Filter>
    </ClInclude>
    <ClInclude Include="Document\Document.h">
      <Filter>Header Files\Document</Filter>
    </ClInclude>
    <ClInclude Include="Command\IRevertableCommand.h">
      <Filter>Header Files\Command</Filter>
    </ClInclude>
    <ClInclude Include="Command\InsertParagraphCommand.h">
      <Filter>Header Files\Command</Filter>
    </ClInclude>
    <ClInclude Include="Command\InsertImageCommand.h">
      <Filter>Header Files\Command</Filter>
    </ClInclude>
    <ClInclude Include="ResourceRepository\IResourceRepository.h">
      <Filter>Header Files\ResourceRepository</Filter>
    </ClInclude>
    <ClInclude Include="ResourceRepository\ResourceRepository.h">
      <Filter>Header Files\ResourceRepository</Filter>
    </ClInclude>
    <ClInclude Include="Command\SetTitleCommand.h">
      <Filter>Header Files\Command</Filter>
    </ClInclude>
    <ClInclude Include="Command\ReplaceTextCommand.h">
      <Filter>Header Files\Command</Filter>
    </ClInclude>
    <ClInclude Include="Command\ResizeImageCommand.h">
      <Filter>Header Files\Command</Filter>
    </ClInclude>
    <ClInclude Include="Command\DeleteItemCommand.h">
      <Filter>Header Files\Command</Filter>
    </ClInclude>
    <ClInclude Include="Command\Command.h">
      <Filter>Header Files\Command</Filter>
    </ClInclude>
    <ClInclude Include="Filesystem\FilenameGenerator.h">
      <Filter>Header Files\Filesystem</Filter>
    </ClInclude>
    <ClInclude Include="CommandHistory\CommandHistory.h">
      <Filter>Header Files\CommandHistory</Filter>
    </ClInclude>
    <ClInclude Include="CommandHistory\ICommandHistory.h">
      <Filter>Header Files\CommandHistory</Filter>
    </ClInclude>
  </ItemGroup>
</Project>