<?xml version="1.0" encoding="utf-8"?>
<Project ToolsVersion="4.0" xmlns="http://schemas.microsoft.com/developer/msbuild/2003">
  <ItemGroup>
    <Filter Include="Исходные файлы">
      <UniqueIdentifier>{4FC737F1-C7A5-4376-A066-2A32D752A2FF}</UniqueIdentifier>
      <Extensions>cpp;c;cc;cxx;c++;cppm;ixx;def;odl;idl;hpj;bat;asm;asmx</Extensions>
    </Filter>
    <Filter Include="Файлы заголовков">
      <UniqueIdentifier>{93995380-89BD-4b04-88EB-625FBE52EBFB}</UniqueIdentifier>
      <Extensions>h;hh;hpp;hxx;h++;hm;inl;inc;ipp;xsd</Extensions>
    </Filter>
    <Filter Include="Файлы ресурсов">
      <UniqueIdentifier>{67DA6AB6-F800-4c08-8B7A-83BB121AAD01}</UniqueIdentifier>
      <Extensions>rc;ico;cur;bmp;dlg;rc2;rct;bin;rgs;gif;jpg;jpeg;jpe;resx;tiff;tif;png;wav;mfcribbon-ms</Extensions>
    </Filter>
    <Filter Include="Файлы заголовков\Ducks">
      <UniqueIdentifier>{27c181fe-99e9-46d0-b768-653dab25de10}</UniqueIdentifier>
    </Filter>
    <Filter Include="Исходные файлы\Ducks">
      <UniqueIdentifier>{9472e740-6510-49dd-a1ad-e752f8d381b5}</UniqueIdentifier>
    </Filter>
    <Filter Include="Файлы заголовков\Behaviors">
      <UniqueIdentifier>{8c25b0b6-59b5-42e7-8c03-20e8c7247ebd}</UniqueIdentifier>
    </Filter>
  </ItemGroup>
  <ItemGroup>
    <ClCompile Include="SimUDuck_Task3.cpp">
      <Filter>Исходные файлы</Filter>
    </ClCompile>
    <ClCompile Include="Ducks\Duck.cpp">
      <Filter>Исходные файлы\Ducks</Filter>
    </ClCompile>
    <ClCompile Include="Ducks\MallardDuck.cpp">
      <Filter>Исходные файлы\Ducks</Filter>
    </ClCompile>
    <ClCompile Include="Ducks\RedheadDuck.cpp">
      <Filter>Исходные файлы\Ducks</Filter>
    </ClCompile>
    <ClCompile Include="Ducks\DecoyDuck.cpp">
      <Filter>Исходные файлы\Ducks</Filter>
    </ClCompile>
    <ClCompile Include="Ducks\RubberDuck.cpp">
      <Filter>Исходные файлы\Ducks</Filter>
    </ClCompile>
    <ClCompile Include="Ducks\ModelDuck.cpp">
      <Filter>Исходные файлы\Ducks</Filter>
    </ClCompile>
  </ItemGroup>
  <ItemGroup>
    <ClInclude Include="Ducks\Duck.h">
      <Filter>Файлы заголовков\Ducks</Filter>
    </ClInclude>
    <ClInclude Include="Ducks\MallardDuck.h">
      <Filter>Файлы заголовков\Ducks</Filter>
    </ClInclude>
    <ClInclude Include="Ducks\RedheadDuck.h">
      <Filter>Файлы заголовков\Ducks</Filter>
    </ClInclude>
    <ClInclude Include="Ducks\DecoyDuck.h">
      <Filter>Файлы заголовков\Ducks</Filter>
    </ClInclude>
    <ClInclude Include="Ducks\RubberDuck.h">
      <Filter>Файлы заголовков\Ducks</Filter>
    </ClInclude>
    <ClInclude Include="Ducks\ModelDuck.h">
      <Filter>Файлы заголовков\Ducks</Filter>
    </ClInclude>
    <ClInclude Include="Behaviors\FlyBehavior.h">
      <Filter>Файлы заголовков\Behaviors</Filter>
    </ClInclude>
    <ClInclude Include="Behaviors\DanceBehavior.h">
      <Filter>Файлы заголовков\Behaviors</Filter>
    </ClInclude>
    <ClInclude Include="Behaviors\QuackBehavior.h">
      <Filter>Файлы заголовков\Behaviors</Filter>
    </ClInclude>
  </ItemGroup>
</Project>