<?xml version="1.0" encoding="utf-8"?>
<Project ToolsVersion="4.0" xmlns="http://schemas.microsoft.com/developer/msbuild/2003">
  <ItemGroup>
    <Filter Include="Исходные файлы">
      <UniqueIdentifier>{4FC737F1-C7A5-4376-A066-2A32D752A2FF}</UniqueIdentifier>
      <Extensions>cpp;c;cc;cxx;c++;cppm;ixx;def;odl;idl;hpj;bat;asm;asmx</Extensions>
    </Filter>
    <Filter Include="Файлы заголовков">
      <UniqueIdentifier>{93995380-89BD-4b04-88EB-625FBE52EBFB}</UniqueIdentifier>
      <Extensions>h;hh;hpp;hxx;h++;hm;inl;inc;ipp;xsd</Extensions>
    </Filter>
    <Filter Include="Файлы ресурсов">
      <UniqueIdentifier>{67DA6AB6-F800-4c08-8B7A-83BB121AAD01}</UniqueIdentifier>
      <Extensions>rc;ico;cur;bmp;dlg;rc2;rct;bin;rgs;gif;jpg;jpeg;jpe;resx;tiff;tif;png;wav;mfcribbon-ms</Extensions>
    </Filter>
    <Filter Include="Файлы заголовков\InputStream">
      <UniqueIdentifier>{6b425e3e-133c-46e4-81ae-5a69cec9a944}</UniqueIdentifier>
    </Filter>
    <Filter Include="Файлы заголовков\OutputStream">
      <UniqueIdentifier>{d32c88f2-2cc3-461a-89e6-7d1320a72c39}</UniqueIdentifier>
    </Filter>
    <Filter Include="Исходные файлы\InputStream">
      <UniqueIdentifier>{4a0ebeeb-a3c4-4f99-a245-d0e40a8cb90c}</UniqueIdentifier>
    </Filter>
    <Filter Include="Исходные файлы\OutputStream">
      <UniqueIdentifier>{271d244f-3294-45da-af1a-f79b562458cf}</UniqueIdentifier>
    </Filter>
    <Filter Include="Файлы заголовков\Cryptography">
      <UniqueIdentifier>{5a412138-4639-4345-8bda-adb1b126ffb7}</UniqueIdentifier>
    </Filter>
    <Filter Include="Исходные файлы\Cryptography">
      <UniqueIdentifier>{fb94c283-03fe-4065-9376-069f1212783a}</UniqueIdentifier>
    </Filter>
    <Filter Include="Файлы заголовков\Compression">
      <UniqueIdentifier>{92437b96-7cf9-401f-ba87-1c1f84ac31a5}</UniqueIdentifier>
    </Filter>
    <Filter Include="Исходные файлы\Compression">
      <UniqueIdentifier>{ca2991a0-08ff-48ee-93c0-69e91102008d}</UniqueIdentifier>
    </Filter>
  </ItemGroup>
  <ItemGroup>
    <ClCompile Include="Streams.cpp">
      <Filter>Исходные файлы</Filter>
    </ClCompile>
    <ClCompile Include="InputStream\FileInputStream.cpp">
      <Filter>Исходные файлы\InputStream</Filter>
    </ClCompile>
    <ClCompile Include="OutputStream\FileOutputStream.cpp">
      <Filter>Исходные файлы\OutputStream</Filter>
    </ClCompile>
    <ClCompile Include="InputStream\MemoryInputStream.cpp">
      <Filter>Исходные файлы\InputStream</Filter>
    </ClCompile>
    <ClCompile Include="OutputStream\MemoryOutputStream.cpp">
      <Filter>Исходные файлы\OutputStream</Filter>
    </ClCompile>
    <ClCompile Include="Cryptography\Cryptographer.cpp">
      <Filter>Исходные файлы\Cryptography</Filter>
    </ClCompile>
    <ClCompile Include="OutputStream\EncryptionOutputStreamDecorator.cpp">
      <Filter>Исходные файлы\OutputStream</Filter>
    </ClCompile>
    <ClCompile Include="InputStream\DecryptionInputStreamDecorator.cpp">
      <Filter>Исходные файлы\InputStream</Filter>
    </ClCompile>
    <ClCompile Include="Compression\RLECompressor.cpp">
      <Filter>Исходные файлы\Compression</Filter>
    </ClCompile>
  </ItemGroup>
  <ItemGroup>
    <ClInclude Include="InputStream\IInputStream.h">
      <Filter>Файлы заголовков\InputStream</Filter>
    </ClInclude>
    <ClInclude Include="OutputStream\IOutputStream.h">
      <Filter>Файлы заголовков\OutputStream</Filter>
    </ClInclude>
    <ClInclude Include="InputStream\FileInputStream.h">
      <Filter>Файлы заголовков\InputStream</Filter>
    </ClInclude>
    <ClInclude Include="OutputStream\FileOutputStream.h">
      <Filter>Файлы заголовков\OutputStream</Filter>
    </ClInclude>
    <ClInclude Include="OutputStream\MemoryOutputStream.h">
      <Filter>Файлы заголовков\OutputStream</Filter>
    </ClInclude>
    <ClInclude Include="InputStream\MemoryInputStream.h">
      <Filter>Файлы заголовков\InputStream</Filter>
    </ClInclude>
    <ClInclude Include="Cryptography\ICryptographer.h">
      <Filter>Файлы заголовков\Cryptography</Filter>
    </ClInclude>
    <ClInclude Include="Cryptography\Cryptographer.h">
      <Filter>Файлы заголовков\Cryptography</Filter>
    </ClInclude>
    <ClInclude Include="OutputStream\EncryptionOutputStreamDecorator.h">
      <Filter>Файлы заголовков\OutputStream</Filter>
    </ClInclude>
    <ClInclude Include="InputStream\DecryptionInputStreamDecorator.h">
      <Filter>Файлы заголовков\InputStream</Filter>
    </ClInclude>
    <ClInclude Include="Compression\ICompressor.h">
      <Filter>Файлы заголовков\Compression</Filter>
    </ClInclude>
    <ClInclude Include="Compression\RLECompressor.h">
      <Filter>Файлы заголовков\Compression</Filter>
    </ClInclude>
  </ItemGroup>
  <ItemGroup>
    <Text Include="input.txt">
      <Filter>Файлы ресурсов</Filter>
    </Text>
    <Text Include="output.txt">
      <Filter>Файлы ресурсов</Filter>
    </Text>
    <Text Include="encrypted.txt">
      <Filter>Файлы ресурсов</Filter>
    </Text>
  </ItemGroup>
</Project>