<?xml version="1.0" encoding="utf-8"?>
<Project ToolsVersion="4.0" xmlns="http://schemas.microsoft.com/developer/msbuild/2003">
  <ItemGroup>
    <Filter Include="Исходные файлы">
      <UniqueIdentifier>{4FC737F1-C7A5-4376-A066-2A32D752A2FF}</UniqueIdentifier>
      <Extensions>cpp;c;cc;cxx;c++;cppm;ixx;def;odl;idl;hpj;bat;asm;asmx</Extensions>
    </Filter>
    <Filter Include="Файлы заголовков">
      <UniqueIdentifier>{93995380-89BD-4b04-88EB-625FBE52EBFB}</UniqueIdentifier>
      <Extensions>h;hh;hpp;hxx;h++;hm;inl;inc;ipp;xsd</Extensions>
    </Filter>
    <Filter Include="Файлы ресурсов">
      <UniqueIdentifier>{67DA6AB6-F800-4c08-8B7A-83BB121AAD01}</UniqueIdentifier>
      <Extensions>rc;ico;cur;bmp;dlg;rc2;rct;bin;rgs;gif;jpg;jpeg;jpe;resx;tiff;tif;png;wav;mfcribbon-ms</Extensions>
    </Filter>
    <Filter Include="Файлы заголовков\GraphicsLib">
      <UniqueIdentifier>{3655e0aa-9b0c-4a1c-83a8-d41e4ca46a15}</UniqueIdentifier>
    </Filter>
    <Filter Include="Файлы заголовков\ShapeDrawingLib">
      <UniqueIdentifier>{74ae8b90-dceb-45e5-8718-f60cba1af9a9}</UniqueIdentifier>
    </Filter>
    <Filter Include="Файлы заголовков\ModernGraphicsLib">
      <UniqueIdentifier>{2c9cdf6f-8c55-4eab-b9bd-69bf1027765e}</UniqueIdentifier>
    </Filter>
    <Filter Include="Файлы заголовков\ModernGraphicsLibAdapter">
      <UniqueIdentifier>{88d95a56-38d8-4667-ad13-ee71ce9b4c8f}</UniqueIdentifier>
    </Filter>
  </ItemGroup>
  <ItemGroup>
    <ClCompile Include="Adapter_Task1.cpp">
      <Filter>Исходные файлы</Filter>
    </ClCompile>
  </ItemGroup>
  <ItemGroup>
    <ClInclude Include="GraphicsLib\GraphicsLib.h">
      <Filter>Файлы заголовков\GraphicsLib</Filter>
    </ClInclude>
    <ClInclude Include="ShapeDrawingLib\ShapeDrawingLib.h">
      <Filter>Файлы заголовков\ShapeDrawingLib</Filter>
    </ClInclude>
    <ClInclude Include="ModernGraphicsLib\ModernGraphicsLib.h">
      <Filter>Файлы заголовков\ModernGraphicsLib</Filter>
    </ClInclude>
    <ClInclude Include="ModernGraphicsLibAdapter\ModernGraphicsRendererAdapter.h">
      <Filter>Файлы заголовков\ModernGraphicsLibAdapter</Filter>
    </ClInclude>
  </ItemGroup>
</Project>