
Microsoft Visual Studio Solution File, Format Version 12.00
# Visual Studio Version 17
VisualStudioVersion = 17.3.32922.545
MinimumVisualStudioVersion = 10.0.40219.1
Project("{8BC9CEB8-8B4A-11D0-8D11-00A0C91BC942}") = "Lab4_Task1", "Lab4_Task1\Lab4_Task1.vcxproj", "{4579FA32-C939-4826-8859-91648889086D}"
EndProject
Global
	GlobalSection(SolutionConfigurationPlatforms) = preSolution
		Debug|x64 = Debug|x64
		Debug|x86 = Debug|x86
		Release|x64 = Release|x64
		Release|x86 = Release|x86
	EndGlobalSection
	GlobalSection(ProjectConfigurationPlatforms) = postSolution
		{4579FA32-C939-4826-8859-91648889086D}.Debug|x64.ActiveCfg = Debug|x64
		{4579FA32-C939-4826-8859-91648889086D}.Debug|x64.Build.0 = Debug|x64
		{4579FA32-C939-4826-8859-91648889086D}.Debug|x86.ActiveCfg = Debug|Win32
		{4579FA32-C939-4826-8859-91648889086D}.Debug|x86.Build.0 = Debug|Win32
		{4579FA32-C939-4826-8859-91648889086D}.Release|x64.ActiveCfg = Release|x64
		{4579FA32-C939-4826-8859-91648889086D}.Release|x64.Build.0 = Release|x64
		{4579FA32-C939-4826-8859-91648889086D}.Release|x86.ActiveCfg = Release|Win32
		{4579FA32-C939-4826-8859-91648889086D}.Release|x86.Build.0 = Release|Win32
	EndGlobalSection
	GlobalSection(SolutionProperties) = preSolution
		HideSolutionNode = FALSE
	EndGlobalSection
	GlobalSection(ExtensibilityGlobals) = postSolution
		SolutionGuid = {5ABDCE49-52C8-4A28-85F4-DE4FDA4A0A1D}
	EndGlobalSection
EndGlobal
