<?xml version="1.0" encoding="utf-8"?>
<Project ToolsVersion="4.0" xmlns="http://schemas.microsoft.com/developer/msbuild/2003">
  <ItemGroup>
    <Filter Include="Source Files">
      <UniqueIdentifier>{4FC737F1-C7A5-4376-A066-2A32D752A2FF}</UniqueIdentifier>
      <Extensions>cpp;c;cc;cxx;c++;cppm;ixx;def;odl;idl;hpj;bat;asm;asmx</Extensions>
    </Filter>
    <Filter Include="Header Files">
      <UniqueIdentifier>{93995380-89BD-4b04-88EB-625FBE52EBFB}</UniqueIdentifier>
      <Extensions>h;hh;hpp;hxx;h++;hm;inl;inc;ipp;xsd</Extensions>
    </Filter>
    <Filter Include="Resource Files">
      <UniqueIdentifier>{67DA6AB6-F800-4c08-8B7A-83BB121AAD01}</UniqueIdentifier>
      <Extensions>rc;ico;cur;bmp;dlg;rc2;rct;bin;rgs;gif;jpg;jpeg;jpe;resx;tiff;tif;png;wav;mfcribbon-ms</Extensions>
    </Filter>
    <Filter Include="Header Files\Shapes">
      <UniqueIdentifier>{f0e8a570-2bf1-4b12-be07-83c37c8e5291}</UniqueIdentifier>
    </Filter>
    <Filter Include="Source Files\Shapes">
      <UniqueIdentifier>{a34c41a9-2338-447a-9e8f-e7bca1dee7de}</UniqueIdentifier>
    </Filter>
    <Filter Include="Header Files\Designer">
      <UniqueIdentifier>{b664d832-0e5c-434f-8e94-0dd68cf54529}</UniqueIdentifier>
    </Filter>
    <Filter Include="Source Files\Designer">
      <UniqueIdentifier>{84ec1206-972e-464a-867b-d99c6aa38eec}</UniqueIdentifier>
    </Filter>
    <Filter Include="Header Files\Canvas">
      <UniqueIdentifier>{b15c3250-c1c3-4744-a2a8-ca1696c3fd3b}</UniqueIdentifier>
    </Filter>
    <Filter Include="Source Files\Canvas">
      <UniqueIdentifier>{e272cd24-c297-42a4-804e-4f99c73d7501}</UniqueIdentifier>
    </Filter>
  </ItemGroup>
  <ItemGroup>
    <ClCompile Include="Lab4_Task1.cpp">
      <Filter>Source Files</Filter>
    </ClCompile>
    <ClCompile Include="ShapesLib\Shapes\PictureDraft.cpp">
      <Filter>Source Files\Shapes</Filter>
    </ClCompile>
    <ClCompile Include="ShapesLib\Designer\Designer.cpp">
      <Filter>Source Files\Designer</Filter>
    </ClCompile>
    <ClCompile Include="ShapesLib\Shapes\Rectangle.cpp">
      <Filter>Source Files\Shapes</Filter>
    </ClCompile>
    <ClCompile Include="ShapesLib\Canvas\StreamCanvas.cpp">
      <Filter>Source Files\Canvas</Filter>
    </ClCompile>
    <ClCompile Include="ShapesLib\Shapes\Triangle.cpp">
      <Filter>Source Files\Shapes</Filter>
    </ClCompile>
    <ClCompile Include="ShapesLib\Shapes\Ellipse.cpp">
      <Filter>Source Files\Shapes</Filter>
    </ClCompile>
  </ItemGroup>
  <ItemGroup>
    <ClInclude Include="ShapesLib\Shapes\IShapeFactory.h">
      <Filter>Header Files\Shapes</Filter>
    </ClInclude>
    <ClInclude Include="ShapesLib\Shapes\PictureDraft.h">
      <Filter>Header Files\Shapes</Filter>
    </ClInclude>
    <ClInclude Include="ShapesLib\Shapes\Shape.h">
      <Filter>Header Files\Shapes</Filter>
    </ClInclude>
    <ClInclude Include="ShapesLib\Designer\Designer.h">
      <Filter>Header Files\Designer</Filter>
    </ClInclude>
    <ClInclude Include="ShapesLib\Canvas\ICanvas.h">
      <Filter>Header Files\Canvas</Filter>
    </ClInclude>
    <ClInclude Include="ShapesLib\Point.h">
      <Filter>Header Files</Filter>
    </ClInclude>
    <ClInclude Include="ShapesLib\Shapes\Rectangle.h">
      <Filter>Header Files\Shapes</Filter>
    </ClInclude>
    <ClInclude Include="ShapesLib\Canvas\StreamCanvas.h">
      <Filter>Header Files\Canvas</Filter>
    </ClInclude>
    <ClInclude Include="ShapesLib\Color.h">
      <Filter>Header Files</Filter>
    </ClInclude>
    <ClInclude Include="ShapesLib\Shapes\Triangle.h">
      <Filter>Header Files\Shapes</Filter>
    </ClInclude>
    <ClInclude Include="ShapesLib\Shapes\Ellipse.h">
      <Filter>Header Files\Shapes</Filter>
    </ClInclude>
  </ItemGroup>
</Project>