
Microsoft Visual Studio Solution File, Format Version 12.00
# Visual Studio Version 17
VisualStudioVersion = 17.2.32630.192
MinimumVisualStudioVersion = 10.0.40219.1
Project("{8BC9CEB8-8B4A-11D0-8D11-00A0C91BC942}") = "WeatherStation", "WeatherStation\WeatherStation.vcxproj", "{060A1270-811C-4EFD-8072-0FC1E68F9EA7}"
EndProject
Project("{8BC9CEB8-8B4A-11D0-8D11-00A0C91BC942}") = "WeatherTest", "WeatherTest\WeatherTest.vcxproj", "{D72CCC45-46EB-41F2-996C-AA783CFC1ABE}"
EndProject
Project("{8BC9CEB8-8B4A-11D0-8D11-00A0C91BC942}") = "WeatherStationDuo", "WeatherStationDuo\WeatherStationDuo.vcxproj", "{DCBC18EF-B56B-4CD4-AD68-6785325C8CBE}"
EndProject
Project("{8BC9CEB8-8B4A-11D0-8D11-00A0C91BC942}") = "WeatherStationDuoTest", "WeatherStationDuoTest\WeatherStationDuoTest.vcxproj", "{66D13ED0-0166-4A45-9E3D-09B4BA90EA6D}"
EndProject
Project("{8BC9CEB8-8B4A-11D0-8D11-00A0C91BC942}") = "WeatherStationOnSignals", "WeatherStationOnSignals\WeatherStationOnSignals.vcxproj", "{3F790636-4CC4-4397-846D-624981900E07}"
EndProject
Project("{8BC9CEB8-8B4A-11D0-8D11-00A0C91BC942}") = "WeatherStationOnSignalsTest", "WeatherStationOnSignalsTest\WeatherStationOnSignalsTest.vcxproj", "{3AB5CE9B-4266-4D1C-91B7-A378FF484029}"
EndProject
Project("{8BC9CEB8-8B4A-11D0-8D11-00A0C91BC942}") = "WeatherStation_Task1", "WeatherStation_Task1\WeatherStation_Task1.vcxproj", "{93D82FFE-0DB6-4AB6-B51C-132EAD4B4661}"
EndProject
Project("{8BC9CEB8-8B4A-11D0-8D11-00A0C91BC942}") = "WeatherStation_Task2", "WeatherStation_Task2\WeatherStation_Task2.vcxproj", "{AE80EF03-F381-46C7-B638-BB50C5976D8F}"
EndProject
Project("{8BC9CEB8-8B4A-11D0-8D11-00A0C91BC942}") = "WeatherStation_Task2Test", "WeatherStation_Task2Test\WeatherStation_Task2Test.vcxproj", "{647D67A1-2EFC-4AAF-9F23-BBD236E733CB}"
EndProject
Project("{8BC9CEB8-8B4A-11D0-8D11-00A0C91BC942}") = "WeatherStation_Task3", "WeatherStation_Task3\WeatherStation_Task3.vcxproj", "{D53C07A9-35BB-4527-8C08-A055E4F31505}"
EndProject
Project("{8BC9CEB8-8B4A-11D0-8D11-00A0C91BC942}") = "WeatherStation_Task3Test", "WeatherStation_Task3Test\WeatherStation_Task3Test.vcxproj", "{D865E947-D9DB-4C92-A371-FC392A108F66}"
EndProject
Project("{8BC9CEB8-8B4A-11D0-8D11-00A0C91BC942}") = "WeatherStation_Task4", "WeatherStation_Task4\WeatherStation_Task4.vcxproj", "{FB075475-A2A1-4DD1-BF5F-3EBD54199C4E}"
EndProject
Project("{8BC9CEB8-8B4A-11D0-8D11-00A0C91BC942}") = "WeatherStation_Task4Test", "WeatherStation_Task4Test\WeatherStation_Task4Test.vcxproj", "{AA4470FE-23F0-4B7B-BB76-C348650832D5}"
EndProject
Project("{8BC9CEB8-8B4A-11D0-8D11-00A0C91BC942}") = "WeatherStation_Task5", "WeatherStation_Task5\WeatherStation_Task5.vcxproj", "{5AF7580A-1CA8-49A0-8D30-1AD28F6677FF}"
EndProject
Project("{8BC9CEB8-8B4A-11D0-8D11-00A0C91BC942}") = "WeatherStation_Task6", "WeatherStation_Task6\WeatherStation_Task6.vcxproj", "{9EDF6F60-4D4C-4874-A7C9-09ACEFDA61AE}"
EndProject
Project("{8BC9CEB8-8B4A-11D0-8D11-00A0C91BC942}") = "WeatherStation_Task7", "WeatherStation_Task7\WeatherStation_Task7.vcxproj", "{70575EE1-3353-4605-8FF0-1418BD87958E}"
EndProject
Project("{8BC9CEB8-8B4A-11D0-8D11-00A0C91BC942}") = "WeatherStation_Task7Test", "WeatherStation_Task7Test\WeatherStation_Task7Test.vcxproj", "{C6EAD557-E4A9-4DEE-809F-BB96E6FD05EF}"
EndProject
Project("{8BC9CEB8-8B4A-11D0-8D11-00A0C91BC942}") = "WeatherStation_Task8", "WeatherStation_Task8\WeatherStation_Task8.vcxproj", "{732ADFEC-4A28-42B0-BF17-CB8B82C1B4D5}"
EndProject
Project("{8BC9CEB8-8B4A-11D0-8D11-00A0C91BC942}") = "WeatherStation_Task8Test", "WeatherStation_Task8Test\WeatherStation_Task8Test.vcxproj", "{47EEB7E3-7F91-43D2-8A00-57B465B7FDF9}"
EndProject
Global
	GlobalSection(SolutionConfigurationPlatforms) = preSolution
		Debug|x64 = Debug|x64
		Debug|x86 = Debug|x86
		Release|x64 = Release|x64
		Release|x86 = Release|x86
	EndGlobalSection
	GlobalSection(ProjectConfigurationPlatforms) = postSolution
		{060A1270-811C-4EFD-8072-0FC1E68F9EA7}.Debug|x64.ActiveCfg = Debug|x64
		{060A1270-811C-4EFD-8072-0FC1E68F9EA7}.Debug|x64.Build.0 = Debug|x64
		{060A1270-811C-4EFD-8072-0FC1E68F9EA7}.Debug|x86.ActiveCfg = Debug|Win32
		{060A1270-811C-4EFD-8072-0FC1E68F9EA7}.Debug|x86.Build.0 = Debug|Win32
		{060A1270-811C-4EFD-8072-0FC1E68F9EA7}.Release|x64.ActiveCfg = Release|x64
		{060A1270-811C-4EFD-8072-0FC1E68F9EA7}.Release|x64.Build.0 = Release|x64
		{060A1270-811C-4EFD-8072-0FC1E68F9EA7}.Release|x86.ActiveCfg = Release|Win32
		{060A1270-811C-4EFD-8072-0FC1E68F9EA7}.Release|x86.Build.0 = Release|Win32
		{D72CCC45-46EB-41F2-996C-AA783CFC1ABE}.Debug|x64.ActiveCfg = Debug|x64
		{D72CCC45-46EB-41F2-996C-AA783CFC1ABE}.Debug|x64.Build.0 = Debug|x64
		{D72CCC45-46EB-41F2-996C-AA783CFC1ABE}.Debug|x86.ActiveCfg = Debug|Win32
		{D72CCC45-46EB-41F2-996C-AA783CFC1ABE}.Debug|x86.Build.0 = Debug|Win32
		{D72CCC45-46EB-41F2-996C-AA783CFC1ABE}.Release|x64.ActiveCfg = Release|x64
		{D72CCC45-46EB-41F2-996C-AA783CFC1ABE}.Release|x64.Build.0 = Release|x64
		{D72CCC45-46EB-41F2-996C-AA783CFC1ABE}.Release|x86.ActiveCfg = Release|Win32
		{D72CCC45-46EB-41F2-996C-AA783CFC1ABE}.Release|x86.Build.0 = Release|Win32
		{DCBC18EF-B56B-4CD4-AD68-6785325C8CBE}.Debug|x64.ActiveCfg = Debug|x64
		{DCBC18EF-B56B-4CD4-AD68-6785325C8CBE}.Debug|x64.Build.0 = Debug|x64
		{DCBC18EF-B56B-4CD4-AD68-6785325C8CBE}.Debug|x86.ActiveCfg = Debug|Win32
		{DCBC18EF-B56B-4CD4-AD68-6785325C8CBE}.Debug|x86.Build.0 = Debug|Win32
		{DCBC18EF-B56B-4CD4-AD68-6785325C8CBE}.Release|x64.ActiveCfg = Release|x64
		{DCBC18EF-B56B-4CD4-AD68-6785325C8CBE}.Release|x64.Build.0 = Release|x64
		{DCBC18EF-B56B-4CD4-AD68-6785325C8CBE}.Release|x86.ActiveCfg = Release|Win32
		{DCBC18EF-B56B-4CD4-AD68-6785325C8CBE}.Release|x86.Build.0 = Release|Win32
		{66D13ED0-0166-4A45-9E3D-09B4BA90EA6D}.Debug|x64.ActiveCfg = Debug|x64
		{66D13ED0-0166-4A45-9E3D-09B4BA90EA6D}.Debug|x64.Build.0 = Debug|x64
		{66D13ED0-0166-4A45-9E3D-09B4BA90EA6D}.Debug|x86.ActiveCfg = Debug|Win32
		{66D13ED0-0166-4A45-9E3D-09B4BA90EA6D}.Debug|x86.Build.0 = Debug|Win32
		{66D13ED0-0166-4A45-9E3D-09B4BA90EA6D}.Release|x64.ActiveCfg = Release|x64
		{66D13ED0-0166-4A45-9E3D-09B4BA90EA6D}.Release|x64.Build.0 = Release|x64
		{66D13ED0-0166-4A45-9E3D-09B4BA90EA6D}.Release|x86.ActiveCfg = Release|Win32
		{66D13ED0-0166-4A45-9E3D-09B4BA90EA6D}.Release|x86.Build.0 = Release|Win32
		{3F790636-4CC4-4397-846D-624981900E07}.Debug|x64.ActiveCfg = Debug|x64
		{3F790636-4CC4-4397-846D-624981900E07}.Debug|x64.Build.0 = Debug|x64
		{3F790636-4CC4-4397-846D-624981900E07}.Debug|x86.ActiveCfg = Debug|Win32
		{3F790636-4CC4-4397-846D-624981900E07}.Debug|x86.Build.0 = Debug|Win32
		{3F790636-4CC4-4397-846D-624981900E07}.Release|x64.ActiveCfg = Release|x64
		{3F790636-4CC4-4397-846D-624981900E07}.Release|x64.Build.0 = Release|x64
		{3F790636-4CC4-4397-846D-624981900E07}.Release|x86.ActiveCfg = Release|Win32
		{3F790636-4CC4-4397-846D-624981900E07}.Release|x86.Build.0 = Release|Win32
		{3AB5CE9B-4266-4D1C-91B7-A378FF484029}.Debug|x64.ActiveCfg = Debug|x64
		{3AB5CE9B-4266-4D1C-91B7-A378FF484029}.Debug|x64.Build.0 = Debug|x64
		{3AB5CE9B-4266-4D1C-91B7-A378FF484029}.Debug|x86.ActiveCfg = Debug|Win32
		{3AB5CE9B-4266-4D1C-91B7-A378FF484029}.Debug|x86.Build.0 = Debug|Win32
		{3AB5CE9B-4266-4D1C-91B7-A378FF484029}.Release|x64.ActiveCfg = Release|x64
		{3AB5CE9B-4266-4D1C-91B7-A378FF484029}.Release|x64.Build.0 = Release|x64
		{3AB5CE9B-4266-4D1C-91B7-A378FF484029}.Release|x86.ActiveCfg = Release|Win32
		{3AB5CE9B-4266-4D1C-91B7-A378FF484029}.Release|x86.Build.0 = Release|Win32
		{93D82FFE-0DB6-4AB6-B51C-132EAD4B4661}.Debug|x64.ActiveCfg = Debug|x64
		{93D82FFE-0DB6-4AB6-B51C-132EAD4B4661}.Debug|x64.Build.0 = Debug|x64
		{93D82FFE-0DB6-4AB6-B51C-132EAD4B4661}.Debug|x86.ActiveCfg = Debug|Win32
		{93D82FFE-0DB6-4AB6-B51C-132EAD4B4661}.Debug|x86.Build.0 = Debug|Win32
		{93D82FFE-0DB6-4AB6-B51C-132EAD4B4661}.Release|x64.ActiveCfg = Release|x64
		{93D82FFE-0DB6-4AB6-B51C-132EAD4B4661}.Release|x64.Build.0 = Release|x64
		{93D82FFE-0DB6-4AB6-B51C-132EAD4B4661}.Release|x86.ActiveCfg = Release|Win32
		{93D82FFE-0DB6-4AB6-B51C-132EAD4B4661}.Release|x86.Build.0 = Release|Win32
		{AE80EF03-F381-46C7-B638-BB50C5976D8F}.Debug|x64.ActiveCfg = Debug|x64
		{AE80EF03-F381-46C7-B638-BB50C5976D8F}.Debug|x64.Build.0 = Debug|x64
		{AE80EF03-F381-46C7-B638-BB50C5976D8F}.Debug|x86.ActiveCfg = Debug|Win32
		{AE80EF03-F381-46C7-B638-BB50C5976D8F}.Debug|x86.Build.0 = Debug|Win32
		{AE80EF03-F381-46C7-B638-BB50C5976D8F}.Release|x64.ActiveCfg = Release|x64
		{AE80EF03-F381-46C7-B638-BB50C5976D8F}.Release|x64.Build.0 = Release|x64
		{AE80EF03-F381-46C7-B638-BB50C5976D8F}.Release|x86.ActiveCfg = Release|Win32
		{AE80EF03-F381-46C7-B638-BB50C5976D8F}.Release|x86.Build.0 = Release|Win32
		{647D67A1-2EFC-4AAF-9F23-BBD236E733CB}.Debug|x64.ActiveCfg = Debug|x64
		{647D67A1-2EFC-4AAF-9F23-BBD236E733CB}.Debug|x64.Build.0 = Debug|x64
		{647D67A1-2EFC-4AAF-9F23-BBD236E733CB}.Debug|x86.ActiveCfg = Debug|Win32
		{647D67A1-2EFC-4AAF-9F23-BBD236E733CB}.Debug|x86.Build.0 = Debug|Win32
		{647D67A1-2EFC-4AAF-9F23-BBD236E733CB}.Release|x64.ActiveCfg = Release|x64
		{647D67A1-2EFC-4AAF-9F23-BBD236E733CB}.Release|x64.Build.0 = Release|x64
		{647D67A1-2EFC-4AAF-9F23-BBD236E733CB}.Release|x86.ActiveCfg = Release|Win32
		{647D67A1-2EFC-4AAF-9F23-BBD236E733CB}.Release|x86.Build.0 = Release|Win32
		{D53C07A9-35BB-4527-8C08-A055E4F31505}.Debug|x64.ActiveCfg = Debug|x64
		{D53C07A9-35BB-4527-8C08-A055E4F31505}.Debug|x64.Build.0 = Debug|x64
		{D53C07A9-35BB-4527-8C08-A055E4F31505}.Debug|x86.ActiveCfg = Debug|Win32
		{D53C07A9-35BB-4527-8C08-A055E4F31505}.Debug|x86.Build.0 = Debug|Win32
		{D53C07A9-35BB-4527-8C08-A055E4F31505}.Release|x64.ActiveCfg = Release|x64
		{D53C07A9-35BB-4527-8C08-A055E4F31505}.Release|x64.Build.0 = Release|x64
		{D53C07A9-35BB-4527-8C08-A055E4F31505}.Release|x86.ActiveCfg = Release|Win32
		{D53C07A9-35BB-4527-8C08-A055E4F31505}.Release|x86.Build.0 = Release|Win32
		{D865E947-D9DB-4C92-A371-FC392A108F66}.Debug|x64.ActiveCfg = Debug|x64
		{D865E947-D9DB-4C92-A371-FC392A108F66}.Debug|x64.Build.0 = Debug|x64
		{D865E947-D9DB-4C92-A371-FC392A108F66}.Debug|x86.ActiveCfg = Debug|Win32
		{D865E947-D9DB-4C92-A371-FC392A108F66}.Debug|x86.Build.0 = Debug|Win32
		{D865E947-D9DB-4C92-A371-FC392A108F66}.Release|x64.ActiveCfg = Release|x64
		{D865E947-D9DB-4C92-A371-FC392A108F66}.Release|x64.Build.0 = Release|x64
		{D865E947-D9DB-4C92-A371-FC392A108F66}.Release|x86.ActiveCfg = Release|Win32
		{D865E947-D9DB-4C92-A371-FC392A108F66}.Release|x86.Build.0 = Release|Win32
		{FB075475-A2A1-4DD1-BF5F-3EBD54199C4E}.Debug|x64.ActiveCfg = Debug|x64
		{FB075475-A2A1-4DD1-BF5F-3EBD54199C4E}.Debug|x64.Build.0 = Debug|x64
		{FB075475-A2A1-4DD1-BF5F-3EBD54199C4E}.Debug|x86.ActiveCfg = Debug|Win32
		{FB075475-A2A1-4DD1-BF5F-3EBD54199C4E}.Debug|x86.Build.0 = Debug|Win32
		{FB075475-A2A1-4DD1-BF5F-3EBD54199C4E}.Release|x64.ActiveCfg = Release|x64
		{FB075475-A2A1-4DD1-BF5F-3EBD54199C4E}.Release|x64.Build.0 = Release|x64
		{FB075475-A2A1-4DD1-BF5F-3EBD54199C4E}.Release|x86.ActiveCfg = Release|Win32
		{FB075475-A2A1-4DD1-BF5F-3EBD54199C4E}.Release|x86.Build.0 = Release|Win32
		{AA4470FE-23F0-4B7B-BB76-C348650832D5}.Debug|x64.ActiveCfg = Debug|x64
		{AA4470FE-23F0-4B7B-BB76-C348650832D5}.Debug|x64.Build.0 = Debug|x64
		{AA4470FE-23F0-4B7B-BB76-C348650832D5}.Debug|x86.ActiveCfg = Debug|Win32
		{AA4470FE-23F0-4B7B-BB76-C348650832D5}.Debug|x86.Build.0 = Debug|Win32
		{AA4470FE-23F0-4B7B-BB76-C348650832D5}.Release|x64.ActiveCfg = Release|x64
		{AA4470FE-23F0-4B7B-BB76-C348650832D5}.Release|x64.Build.0 = Release|x64
		{AA4470FE-23F0-4B7B-BB76-C348650832D5}.Release|x86.ActiveCfg = Release|Win32
		{AA4470FE-23F0-4B7B-BB76-C348650832D5}.Release|x86.Build.0 = Release|Win32
		{5AF7580A-1CA8-49A0-8D30-1AD28F6677FF}.Debug|x64.ActiveCfg = Debug|x64
		{5AF7580A-1CA8-49A0-8D30-1AD28F6677FF}.Debug|x64.Build.0 = Debug|x64
		{5AF7580A-1CA8-49A0-8D30-1AD28F6677FF}.Debug|x86.ActiveCfg = Debug|Win32
		{5AF7580A-1CA8-49A0-8D30-1AD28F6677FF}.Debug|x86.Build.0 = Debug|Win32
		{5AF7580A-1CA8-49A0-8D30-1AD28F6677FF}.Release|x64.ActiveCfg = Release|x64
		{5AF7580A-1CA8-49A0-8D30-1AD28F6677FF}.Release|x64.Build.0 = Release|x64
		{5AF7580A-1CA8-49A0-8D30-1AD28F6677FF}.Release|x86.ActiveCfg = Release|Win32
		{5AF7580A-1CA8-49A0-8D30-1AD28F6677FF}.Release|x86.Build.0 = Release|Win32
		{9EDF6F60-4D4C-4874-A7C9-09ACEFDA61AE}.Debug|x64.ActiveCfg = Debug|x64
		{9EDF6F60-4D4C-4874-A7C9-09ACEFDA61AE}.Debug|x64.Build.0 = Debug|x64
		{9EDF6F60-4D4C-4874-A7C9-09ACEFDA61AE}.Debug|x86.ActiveCfg = Debug|Win32
		{9EDF6F60-4D4C-4874-A7C9-09ACEFDA61AE}.Debug|x86.Build.0 = Debug|Win32
		{9EDF6F60-4D4C-4874-A7C9-09ACEFDA61AE}.Release|x64.ActiveCfg = Release|x64
		{9EDF6F60-4D4C-4874-A7C9-09ACEFDA61AE}.Release|x64.Build.0 = Release|x64
		{9EDF6F60-4D4C-4874-A7C9-09ACEFDA61AE}.Release|x86.ActiveCfg = Release|Win32
		{9EDF6F60-4D4C-4874-A7C9-09ACEFDA61AE}.Release|x86.Build.0 = Release|Win32
		{70575EE1-3353-4605-8FF0-1418BD87958E}.Debug|x64.ActiveCfg = Debug|x64
		{70575EE1-3353-4605-8FF0-1418BD87958E}.Debug|x64.Build.0 = Debug|x64
		{70575EE1-3353-4605-8FF0-1418BD87958E}.Debug|x86.ActiveCfg = Debug|Win32
		{70575EE1-3353-4605-8FF0-1418BD87958E}.Debug|x86.Build.0 = Debug|Win32
		{70575EE1-3353-4605-8FF0-1418BD87958E}.Release|x64.ActiveCfg = Release|x64
		{70575EE1-3353-4605-8FF0-1418BD87958E}.Release|x64.Build.0 = Release|x64
		{70575EE1-3353-4605-8FF0-1418BD87958E}.Release|x86.ActiveCfg = Release|Win32
		{70575EE1-3353-4605-8FF0-1418BD87958E}.Release|x86.Build.0 = Release|Win32
		{C6EAD557-E4A9-4DEE-809F-BB96E6FD05EF}.Debug|x64.ActiveCfg = Debug|x64
		{C6EAD557-E4A9-4DEE-809F-BB96E6FD05EF}.Debug|x64.Build.0 = Debug|x64
		{C6EAD557-E4A9-4DEE-809F-BB96E6FD05EF}.Debug|x86.ActiveCfg = Debug|Win32
		{C6EAD557-E4A9-4DEE-809F-BB96E6FD05EF}.Debug|x86.Build.0 = Debug|Win32
		{C6EAD557-E4A9-4DEE-809F-BB96E6FD05EF}.Release|x64.ActiveCfg = Release|x64
		{C6EAD557-E4A9-4DEE-809F-BB96E6FD05EF}.Release|x64.Build.0 = Release|x64
		{C6EAD557-E4A9-4DEE-809F-BB96E6FD05EF}.Release|x86.ActiveCfg = Release|Win32
		{C6EAD557-E4A9-4DEE-809F-BB96E6FD05EF}.Release|x86.Build.0 = Release|Win32
		{732ADFEC-4A28-42B0-BF17-CB8B82C1B4D5}.Debug|x64.ActiveCfg = Debug|x64
		{732ADFEC-4A28-42B0-BF17-CB8B82C1B4D5}.Debug|x64.Build.0 = Debug|x64
		{732ADFEC-4A28-42B0-BF17-CB8B82C1B4D5}.Debug|x86.ActiveCfg = Debug|Win32
		{732ADFEC-4A28-42B0-BF17-CB8B82C1B4D5}.Debug|x86.Build.0 = Debug|Win32
		{732ADFEC-4A28-42B0-BF17-CB8B82C1B4D5}.Release|x64.ActiveCfg = Release|x64
		{732ADFEC-4A28-42B0-BF17-CB8B82C1B4D5}.Release|x64.Build.0 = Release|x64
		{732ADFEC-4A28-42B0-BF17-CB8B82C1B4D5}.Release|x86.ActiveCfg = Release|Win32
		{732ADFEC-4A28-42B0-BF17-CB8B82C1B4D5}.Release|x86.Build.0 = Release|Win32
		{47EEB7E3-7F91-43D2-8A00-57B465B7FDF9}.Debug|x64.ActiveCfg = Debug|x64
		{47EEB7E3-7F91-43D2-8A00-57B465B7FDF9}.Debug|x64.Build.0 = Debug|x64
		{47EEB7E3-7F91-43D2-8A00-57B465B7FDF9}.Debug|x86.ActiveCfg = Debug|Win32
		{47EEB7E3-7F91-43D2-8A00-57B465B7FDF9}.Debug|x86.Build.0 = Debug|Win32
		{47EEB7E3-7F91-43D2-8A00-57B465B7FDF9}.Release|x64.ActiveCfg = Release|x64
		{47EEB7E3-7F91-43D2-8A00-57B465B7FDF9}.Release|x64.Build.0 = Release|x64
		{47EEB7E3-7F91-43D2-8A00-57B465B7FDF9}.Release|x86.ActiveCfg = Release|Win32
		{47EEB7E3-7F91-43D2-8A00-57B465B7FDF9}.Release|x86.Build.0 = Release|Win32
	EndGlobalSection
	GlobalSection(SolutionProperties) = preSolution
		HideSolutionNode = FALSE
	EndGlobalSection
	GlobalSection(ExtensibilityGlobals) = postSolution
		SolutionGuid = {6606A543-888A-4D0D-B379-DED1E1E9DDD7}
	EndGlobalSection
EndGlobal
