<?xml version="1.0" encoding="utf-8"?>
<Project ToolsVersion="4.0" xmlns="http://schemas.microsoft.com/developer/msbuild/2003">
  <ItemGroup>
    <Filter Include="Исходные файлы">
      <UniqueIdentifier>{4FC737F1-C7A5-4376-A066-2A32D752A2FF}</UniqueIdentifier>
      <Extensions>cpp;c;cc;cxx;c++;cppm;ixx;def;odl;idl;hpj;bat;asm;asmx</Extensions>
    </Filter>
    <Filter Include="Файлы заголовков">
      <UniqueIdentifier>{93995380-89BD-4b04-88EB-625FBE52EBFB}</UniqueIdentifier>
      <Extensions>h;hh;hpp;hxx;h++;hm;inl;inc;ipp;xsd</Extensions>
    </Filter>
    <Filter Include="Файлы ресурсов">
      <UniqueIdentifier>{67DA6AB6-F800-4c08-8B7A-83BB121AAD01}</UniqueIdentifier>
      <Extensions>rc;ico;cur;bmp;dlg;rc2;rct;bin;rgs;gif;jpg;jpeg;jpe;resx;tiff;tif;png;wav;mfcribbon-ms</Extensions>
    </Filter>
    <Filter Include="Файлы заголовков\Displays">
      <UniqueIdentifier>{f45259f0-5ba4-4890-8ea0-1029e4fcd630}</UniqueIdentifier>
    </Filter>
    <Filter Include="Исходные файлы\Displays">
      <UniqueIdentifier>{69a06c89-c273-4e54-8421-61b2f6952cb0}</UniqueIdentifier>
    </Filter>
    <Filter Include="Файлы заголовков\Helpers">
      <UniqueIdentifier>{823e1640-fac0-4b3f-8f4c-2a30e6d2df54}</UniqueIdentifier>
    </Filter>
    <Filter Include="Файлы заголовков\StatisticsTrackers">
      <UniqueIdentifier>{7dfee5af-bee3-442b-9bff-4547909f4c38}</UniqueIdentifier>
    </Filter>
    <Filter Include="Исходные файлы\StatisticsTrackers">
      <UniqueIdentifier>{ba909176-96a2-4928-90bb-98e20dcb15e7}</UniqueIdentifier>
    </Filter>
  </ItemGroup>
  <ItemGroup>
    <ClCompile Include="WeatherStationOnSignals.cpp">
      <Filter>Исходные файлы</Filter>
    </ClCompile>
    <ClCompile Include="Displays\Display.cpp">
      <Filter>Исходные файлы\Displays</Filter>
    </ClCompile>
    <ClCompile Include="Displays\StatsDisplay.cpp">
      <Filter>Исходные файлы\Displays</Filter>
    </ClCompile>
    <ClCompile Include="StatisticsTrackers\ValueStatistics.cpp">
      <Filter>Исходные файлы\StatisticsTrackers</Filter>
    </ClCompile>
    <ClCompile Include="StatisticsTrackers\WeatherStatistics.cpp">
      <Filter>Исходные файлы\StatisticsTrackers</Filter>
    </ClCompile>
    <ClCompile Include="WeatherData.cpp">
      <Filter>Исходные файлы</Filter>
    </ClCompile>
  </ItemGroup>
  <ItemGroup>
    <ClInclude Include="Displays\Display.h">
      <Filter>Файлы заголовков\Displays</Filter>
    </ClInclude>
    <ClInclude Include="Displays\StatsDisplay.h">
      <Filter>Файлы заголовков\Displays</Filter>
    </ClInclude>
    <ClInclude Include="Helpers\CardinalDirectionHelper.h">
      <Filter>Файлы заголовков\Helpers</Filter>
    </ClInclude>
    <ClInclude Include="Helpers\ValueTracker.h">
      <Filter>Файлы заголовков\Helpers</Filter>
    </ClInclude>
    <ClInclude Include="StatisticsTrackers\ValueStatistics.h">
      <Filter>Файлы заголовков\StatisticsTrackers</Filter>
    </ClInclude>
    <ClInclude Include="StatisticsTrackers\WeatherStatistics.h">
      <Filter>Файлы заголовков\StatisticsTrackers</Filter>
    </ClInclude>
    <ClInclude Include="WeatherData.h">
      <Filter>Файлы заголовков</Filter>
    </ClInclude>
    <ClInclude Include="WeatherEvent.h">
      <Filter>Файлы заголовков</Filter>
    </ClInclude>
    <ClInclude Include="WeatherInfo.h">
      <Filter>Файлы заголовков</Filter>
    </ClInclude>
    <ClInclude Include="WeatherStationLocation.h">
      <Filter>Файлы заголовков</Filter>
    </ClInclude>
    <ClInclude Include="WeatherDisplay.h">
      <Filter>Файлы заголовков</Filter>
    </ClInclude>
    <ClInclude Include="IWeatherDisplay.h">
      <Filter>Файлы заголовков\Displays</Filter>
    </ClInclude>
  </ItemGroup>
</Project>