<?xml version="1.0" encoding="utf-8"?>
<Project ToolsVersion="4.0" xmlns="http://schemas.microsoft.com/developer/msbuild/2003">
  <ItemGroup>
    <Filter Include="Исходные файлы">
      <UniqueIdentifier>{4FC737F1-C7A5-4376-A066-2A32D752A2FF}</UniqueIdentifier>
      <Extensions>cpp;c;cc;cxx;c++;cppm;ixx;def;odl;idl;hpj;bat;asm;asmx</Extensions>
    </Filter>
    <Filter Include="Файлы заголовков">
      <UniqueIdentifier>{93995380-89BD-4b04-88EB-625FBE52EBFB}</UniqueIdentifier>
      <Extensions>h;hh;hpp;hxx;h++;hm;inl;inc;ipp;xsd</Extensions>
    </Filter>
    <Filter Include="Файлы ресурсов">
      <UniqueIdentifier>{67DA6AB6-F800-4c08-8B7A-83BB121AAD01}</UniqueIdentifier>
      <Extensions>rc;ico;cur;bmp;dlg;rc2;rct;bin;rgs;gif;jpg;jpeg;jpe;resx;tiff;tif;png;wav;mfcribbon-ms</Extensions>
    </Filter>
    <Filter Include="Исходные файлы\Displays">
      <UniqueIdentifier>{10593dc2-1189-4541-baa8-296d6117b95e}</UniqueIdentifier>
    </Filter>
    <Filter Include="Файлы заголовков\Displays">
      <UniqueIdentifier>{acdb573e-5182-4c2a-bf0d-3d32132bd3ff}</UniqueIdentifier>
    </Filter>
    <Filter Include="Файлы заголовков\StatisticsTrackers">
      <UniqueIdentifier>{4161a905-32df-422f-b3d4-18e3b63d60f5}</UniqueIdentifier>
    </Filter>
    <Filter Include="Файлы заголовков\Helpers">
      <UniqueIdentifier>{775f45cb-f2b6-4242-9a4e-aab3593d410d}</UniqueIdentifier>
    </Filter>
    <Filter Include="Файлы заголовков\Observers">
      <UniqueIdentifier>{ad5e4e72-bbcd-48d5-94f2-2a4241ca53e2}</UniqueIdentifier>
    </Filter>
    <Filter Include="Исходные файлы\StatisticsTrackers">
      <UniqueIdentifier>{f457d60d-c1ec-46f7-a20f-94a70f5eba3b}</UniqueIdentifier>
    </Filter>
  </ItemGroup>
  <ItemGroup>
    <ClCompile Include="WeatherStationDuo.cpp">
      <Filter>Исходные файлы</Filter>
    </ClCompile>
    <ClCompile Include="WeatherData.cpp">
      <Filter>Исходные файлы</Filter>
    </ClCompile>
    <ClCompile Include="Displays\Display.cpp">
      <Filter>Исходные файлы\Displays</Filter>
    </ClCompile>
    <ClCompile Include="Displays\StatsDisplay.cpp">
      <Filter>Исходные файлы\Displays</Filter>
    </ClCompile>
    <ClCompile Include="StatisticsTrackers\ValueStatistics.cpp">
      <Filter>Исходные файлы\StatisticsTrackers</Filter>
    </ClCompile>
    <ClCompile Include="StatisticsTrackers\WeatherStatistics.cpp">
      <Filter>Исходные файлы\StatisticsTrackers</Filter>
    </ClCompile>
  </ItemGroup>
  <ItemGroup>
    <ClInclude Include="WeatherInfo.h">
      <Filter>Файлы заголовков</Filter>
    </ClInclude>
    <ClInclude Include="WeatherData.h">
      <Filter>Файлы заголовков</Filter>
    </ClInclude>
    <ClInclude Include="Displays\Display.h">
      <Filter>Файлы заголовков\Displays</Filter>
    </ClInclude>
    <ClInclude Include="Displays\StatsDisplay.h">
      <Filter>Файлы заголовков\Displays</Filter>
    </ClInclude>
    <ClInclude Include="Helpers\CardinalDirectionHelper.h">
      <Filter>Файлы заголовков\Helpers</Filter>
    </ClInclude>
    <ClInclude Include="Observers\IObservable.h">
      <Filter>Файлы заголовков\Observers</Filter>
    </ClInclude>
    <ClInclude Include="Observers\IObserver.h">
      <Filter>Файлы заголовков\Observers</Filter>
    </ClInclude>
    <ClInclude Include="Observers\Observable.h">
      <Filter>Файлы заголовков\Observers</Filter>
    </ClInclude>
    <ClInclude Include="Observers\IPriorityObservable.h">
      <Filter>Файлы заголовков\Observers</Filter>
    </ClInclude>
    <ClInclude Include="Observers\PriorityObservable.h">
      <Filter>Файлы заголовков\Observers</Filter>
    </ClInclude>
    <ClInclude Include="WeatherEvents.h">
      <Filter>Файлы заголовков\Observers</Filter>
    </ClInclude>
    <ClInclude Include="StatisticsTrackers\ValueStatistics.h">
      <Filter>Файлы заголовков\StatisticsTrackers</Filter>
    </ClInclude>
    <ClInclude Include="StatisticsTrackers\WeatherStatistics.h">
      <Filter>Файлы заголовков\StatisticsTrackers</Filter>
    </ClInclude>
    <ClInclude Include="Helpers\ValueTracker.h">
      <Filter>Файлы заголовков\Helpers</Filter>
    </ClInclude>
    <ClInclude Include="WeatherStationLocation.h">
      <Filter>Файлы заголовков</Filter>
    </ClInclude>
  </ItemGroup>
</Project>